
Microsoft Visual Studio Solution File, Format Version 11.00
# Visual Studio 2010
Project("{FAE04EC0-301F-11D3-BF4B-00C04F79EFBC}") = "Statis", "Statis.csproj", "{1E760F8B-F15B-44DC-8C17-75054259ECEB}"
EndProject
Project("{FAE04EC0-301F-11D3-BF4B-00C04F79EFBC}") = "Statis.Web", "..\Statis.Web\Statis.Web.csproj", "{CB0FAEE8-B773-488B-8127-7E801B12C993}"
EndProject
Global
	GlobalSection(SolutionConfigurationPlatforms) = preSolution
		Debug|Any CPU = Debug|Any CPU
		Release|Any CPU = Release|Any CPU
	EndGlobalSection
	GlobalSection(ProjectConfigurationPlatforms) = postSolution
		{1E760F8B-F15B-44DC-8C17-75054259ECEB}.Debug|Any CPU.ActiveCfg = Debug|Any CPU
		{1E760F8B-F15B-44DC-8C17-75054259ECEB}.Debug|Any CPU.Build.0 = Debug|Any CPU
		{1E760F8B-F15B-44DC-8C17-75054259ECEB}.Release|Any CPU.ActiveCfg = Release|Any CPU
		{1E760F8B-F15B-44DC-8C17-75054259ECEB}.Release|Any CPU.Build.0 = Release|Any CPU
		{CB0FAEE8-B773-488B-8127-7E801B12C993}.Debug|Any CPU.ActiveCfg = Debug|Any CPU
		{CB0FAEE8-B773-488B-8127-7E801B12C993}.Debug|Any CPU.Build.0 = Debug|Any CPU
		{CB0FAEE8-B773-488B-8127-7E801B12C993}.Release|Any CPU.ActiveCfg = Release|Any CPU
		{CB0FAEE8-B773-488B-8127-7E801B12C993}.Release|Any CPU.Build.0 = Release|Any CPU
	EndGlobalSection
	GlobalSection(SolutionProperties) = preSolution
		HideSolutionNode = FALSE
	EndGlobalSection
EndGlobal
